Microsoft Visual Studio Solution File, Format Version 12.00
# Visual Studio Version 17
VisualStudioVersion = 17.5.2.0
MinimumVisualStudioVersion = 10.0.40219.1
Project("{2150E333-8FDC-42A3-9474-1A3956D46DE8}") = "data", "data", "{015FE221-96B2-289B-A0E8-6E7354784A75}"
EndProject
Project("{FAE04EC0-301F-11D3-BF4B-00C04F79EFBC}") = "TreasurySettingsEditor", "data\TreasurySettingsEditor\TreasurySettingsEditor.csproj", "{49A3745A-B9E4-138C-6A6C-1AB557BB7703}"
EndProject
Global
	GlobalSection(SolutionConfigurationPlatforms) = preSolution
		Debug|Any CPU = Debug|Any CPU
		Release|Any CPU = Release|Any CPU
	EndGlobalSection
	GlobalSection(ProjectConfigurationPlatforms) = postSolution
		{49A3745A-B9E4-138C-6A6C-1AB557BB7703}.Debug|Any CPU.ActiveCfg = Debug|Any CPU
		{49A3745A-B9E4-138C-6A6C-1AB557BB7703}.Debug|Any CPU.Build.0 = Debug|Any CPU
		{49A3745A-B9E4-138C-6A6C-1AB557BB7703}.Release|Any CPU.ActiveCfg = Release|Any CPU
		{49A3745A-B9E4-138C-6A6C-1AB557BB7703}.Release|Any CPU.Build.0 = Release|Any CPU
	EndGlobalSection
	GlobalSection(SolutionProperties) = preSolution
		HideSolutionNode = FALSE
	EndGlobalSection
	GlobalSection(NestedProjects) = preSolution
		{49A3745A-B9E4-138C-6A6C-1AB557BB7703} = {015FE221-96B2-289B-A0E8-6E7354784A75}
	EndGlobalSection
	GlobalSection(ExtensibilityGlobals) = postSolution
		SolutionGuid = {35B61052-C3AA-4DE7-A4B3-D4A8437DF254}
	EndGlobalSection
EndGlobal
